
Microsoft Visual Studio Solution File, Format Version 12.00
# Visual Studio 15
VisualStudioVersion = 15.0.28307.421
MinimumVisualStudioVersion = 10.0.40219.1
Project("{FAE04EC0-301F-11D3-BF4B-00C04F79EFBC}") = "AdvancedAgeCalculator", "HomeworkCSharp-4\AdvancedAgeCalculator.csproj", "{08DE2A5A-FDA8-4AF9-A7E2-09129AA6C06F}"
EndProject
Global
	GlobalSection(SolutionConfigurationPlatforms) = preSolution
		Debug|Any CPU = Debug|Any CPU
		Release|Any CPU = Release|Any CPU
	EndGlobalSection
	GlobalSection(ProjectConfigurationPlatforms) = postSolution
		{08DE2A5A-FDA8-4AF9-A7E2-09129AA6C06F}.Debug|Any CPU.ActiveCfg = Debug|Any CPU
		{08DE2A5A-FDA8-4AF9-A7E2-09129AA6C06F}.Debug|Any CPU.Build.0 = Debug|Any CPU
		{08DE2A5A-FDA8-4AF9-A7E2-09129AA6C06F}.Release|Any CPU.ActiveCfg = Release|Any CPU
		{08DE2A5A-FDA8-4AF9-A7E2-09129AA6C06F}.Release|Any CPU.Build.0 = Release|Any CPU
	EndGlobalSection
	GlobalSection(SolutionProperties) = preSolution
		HideSolutionNode = FALSE
	EndGlobalSection
	GlobalSection(ExtensibilityGlobals) = postSolution
		SolutionGuid = {972DD99B-F817-44F1-97FD-AC043760010A}
	EndGlobalSection
EndGlobal
