
Microsoft Visual Studio Solution File, Format Version 12.00
# Visual Studio 15
VisualStudioVersion = 15.0.28307.421
MinimumVisualStudioVersion = 10.0.40219.1
Project("{FAE04EC0-301F-11D3-BF4B-00C04F79EFBC}") = "Employees", "HomeworkCSharp-7\Employees.csproj", "{3EACEC3D-0798-40D7-ADD8-7C151C1C6350}"
EndProject
Global
	GlobalSection(SolutionConfigurationPlatforms) = preSolution
		Debug|Any CPU = Debug|Any CPU
		Release|Any CPU = Release|Any CPU
	EndGlobalSection
	GlobalSection(ProjectConfigurationPlatforms) = postSolution
		{3EACEC3D-0798-40D7-ADD8-7C151C1C6350}.Debug|Any CPU.ActiveCfg = Debug|Any CPU
		{3EACEC3D-0798-40D7-ADD8-7C151C1C6350}.Debug|Any CPU.Build.0 = Debug|Any CPU
		{3EACEC3D-0798-40D7-ADD8-7C151C1C6350}.Release|Any CPU.ActiveCfg = Release|Any CPU
		{3EACEC3D-0798-40D7-ADD8-7C151C1C6350}.Release|Any CPU.Build.0 = Release|Any CPU
	EndGlobalSection
	GlobalSection(SolutionProperties) = preSolution
		HideSolutionNode = FALSE
	EndGlobalSection
	GlobalSection(ExtensibilityGlobals) = postSolution
		SolutionGuid = {AA85805C-E244-4539-B7A0-CC2F7B4EC88E}
	EndGlobalSection
EndGlobal
