
Microsoft Visual Studio Solution File, Format Version 12.00
# Visual Studio 15
VisualStudioVersion = 15.0.28307.421
MinimumVisualStudioVersion = 10.0.40219.1
Project("{FAE04EC0-301F-11D3-BF4B-00C04F79EFBC}") = "PhoneBook", "HomeworkCSharp-8\PhoneBook.csproj", "{B37A6B11-1233-4680-A73A-DDD6545200CF}"
EndProject
Project("{FAE04EC0-301F-11D3-BF4B-00C04F79EFBC}") = "Songs", "Songs\Songs.csproj", "{4A1C4B05-0F51-440A-8AED-59293B6D8C55}"
EndProject
Global
	GlobalSection(SolutionConfigurationPlatforms) = preSolution
		Debug|Any CPU = Debug|Any CPU
		Release|Any CPU = Release|Any CPU
	EndGlobalSection
	GlobalSection(ProjectConfigurationPlatforms) = postSolution
		{B37A6B11-1233-4680-A73A-DDD6545200CF}.Debug|Any CPU.ActiveCfg = Debug|Any CPU
		{B37A6B11-1233-4680-A73A-DDD6545200CF}.Debug|Any CPU.Build.0 = Debug|Any CPU
		{B37A6B11-1233-4680-A73A-DDD6545200CF}.Release|Any CPU.ActiveCfg = Release|Any CPU
		{B37A6B11-1233-4680-A73A-DDD6545200CF}.Release|Any CPU.Build.0 = Release|Any CPU
		{4A1C4B05-0F51-440A-8AED-59293B6D8C55}.Debug|Any CPU.ActiveCfg = Debug|Any CPU
		{4A1C4B05-0F51-440A-8AED-59293B6D8C55}.Debug|Any CPU.Build.0 = Debug|Any CPU
		{4A1C4B05-0F51-440A-8AED-59293B6D8C55}.Release|Any CPU.ActiveCfg = Release|Any CPU
		{4A1C4B05-0F51-440A-8AED-59293B6D8C55}.Release|Any CPU.Build.0 = Release|Any CPU
	EndGlobalSection
	GlobalSection(SolutionProperties) = preSolution
		HideSolutionNode = FALSE
	EndGlobalSection
	GlobalSection(ExtensibilityGlobals) = postSolution
		SolutionGuid = {0869061E-B5E2-4C80-986D-507148F7D2AC}
	EndGlobalSection
EndGlobal
