
Microsoft Visual Studio Solution File, Format Version 12.00
# Visual Studio 15
VisualStudioVersion = 15.0.28307.421
MinimumVisualStudioVersion = 10.0.40219.1
Project("{FAE04EC0-301F-11D3-BF4B-00C04F79EFBC}") = "FiveArrays", "FiveArrays\FiveArrays.csproj", "{CA11D1EE-7FEC-4F14-9B73-752CC21605C9}"
EndProject
Global
	GlobalSection(SolutionConfigurationPlatforms) = preSolution
		Debug|Any CPU = Debug|Any CPU
		Release|Any CPU = Release|Any CPU
	EndGlobalSection
	GlobalSection(ProjectConfigurationPlatforms) = postSolution
		{CA11D1EE-7FEC-4F14-9B73-752CC21605C9}.Debug|Any CPU.ActiveCfg = Debug|Any CPU
		{CA11D1EE-7FEC-4F14-9B73-752CC21605C9}.Debug|Any CPU.Build.0 = Debug|Any CPU
		{CA11D1EE-7FEC-4F14-9B73-752CC21605C9}.Release|Any CPU.ActiveCfg = Release|Any CPU
		{CA11D1EE-7FEC-4F14-9B73-752CC21605C9}.Release|Any CPU.Build.0 = Release|Any CPU
	EndGlobalSection
	GlobalSection(SolutionProperties) = preSolution
		HideSolutionNode = FALSE
	EndGlobalSection
	GlobalSection(ExtensibilityGlobals) = postSolution
		SolutionGuid = {32BCFFB2-37AD-4686-8961-76C4027BFEB1}
	EndGlobalSection
EndGlobal
