
Microsoft Visual Studio Solution File, Format Version 12.00
# Visual Studio 15
VisualStudioVersion = 15.0.28307.421
MinimumVisualStudioVersion = 10.0.40219.1
Project("{FAE04EC0-301F-11D3-BF4B-00C04F79EFBC}") = "Elka", "Elka\Elka.csproj", "{F7540D55-1264-4BEF-83EF-3C30AFAD8A41}"
EndProject
Global
	GlobalSection(SolutionConfigurationPlatforms) = preSolution
		Debug|Any CPU = Debug|Any CPU
		Release|Any CPU = Release|Any CPU
	EndGlobalSection
	GlobalSection(ProjectConfigurationPlatforms) = postSolution
		{F7540D55-1264-4BEF-83EF-3C30AFAD8A41}.Debug|Any CPU.ActiveCfg = Debug|Any CPU
		{F7540D55-1264-4BEF-83EF-3C30AFAD8A41}.Debug|Any CPU.Build.0 = Debug|Any CPU
		{F7540D55-1264-4BEF-83EF-3C30AFAD8A41}.Release|Any CPU.ActiveCfg = Release|Any CPU
		{F7540D55-1264-4BEF-83EF-3C30AFAD8A41}.Release|Any CPU.Build.0 = Release|Any CPU
	EndGlobalSection
	GlobalSection(SolutionProperties) = preSolution
		HideSolutionNode = FALSE
	EndGlobalSection
	GlobalSection(ExtensibilityGlobals) = postSolution
		SolutionGuid = {7E84AF62-3649-433A-AD53-BA0395889C3D}
	EndGlobalSection
EndGlobal
